
Microsoft Visual Studio Solution File, Format Version 12.00
# Visual Studio Version 17
VisualStudioVersion = 17.4.33122.133
MinimumVisualStudioVersion = 10.0.40219.1
Project("{9A19103F-16F7-4668-BE54-9A1E7A4F7556}") = "SBO.BlaaBog.Domain", "BlaaBog\SBO.BlaaBog.Domain\SBO.BlaaBog.Domain.csproj", "{5B9DFC7C-6D9E-4BEC-8121-F8E70C230490}"
EndProject
Project("{9A19103F-16F7-4668-BE54-9A1E7A4F7556}") = "SBO.BlaaBog.Services", "BlaaBog\SBO.BlaaBog.Services\SBO.BlaaBog.Services.csproj", "{6C5D3078-F75B-4A3B-BD91-A8107AA88185}"
EndProject
Project("{9A19103F-16F7-4668-BE54-9A1E7A4F7556}") = "SBO.BlaaBog.Web", "BlaaBog\SBO.BlaaBog.Web\SBO.BlaaBog.Web.csproj", "{21539190-B383-4B24-B8A7-4AF3E357E65C}"
EndProject
Global
	GlobalSection(SolutionConfigurationPlatforms) = preSolution
		Debug|Any CPU = Debug|Any CPU
		Release|Any CPU = Release|Any CPU
	EndGlobalSection
	GlobalSection(ProjectConfigurationPlatforms) = postSolution
		{5B9DFC7C-6D9E-4BEC-8121-F8E70C230490}.Debug|Any CPU.ActiveCfg = Debug|Any CPU
		{5B9DFC7C-6D9E-4BEC-8121-F8E70C230490}.Debug|Any CPU.Build.0 = Debug|Any CPU
		{5B9DFC7C-6D9E-4BEC-8121-F8E70C230490}.Release|Any CPU.ActiveCfg = Release|Any CPU
		{5B9DFC7C-6D9E-4BEC-8121-F8E70C230490}.Release|Any CPU.Build.0 = Release|Any CPU
		{6C5D3078-F75B-4A3B-BD91-A8107AA88185}.Debug|Any CPU.ActiveCfg = Debug|Any CPU
		{6C5D3078-F75B-4A3B-BD91-A8107AA88185}.Debug|Any CPU.Build.0 = Debug|Any CPU
		{6C5D3078-F75B-4A3B-BD91-A8107AA88185}.Release|Any CPU.ActiveCfg = Release|Any CPU
		{6C5D3078-F75B-4A3B-BD91-A8107AA88185}.Release|Any CPU.Build.0 = Release|Any CPU
		{21539190-B383-4B24-B8A7-4AF3E357E65C}.Debug|Any CPU.ActiveCfg = Debug|Any CPU
		{21539190-B383-4B24-B8A7-4AF3E357E65C}.Debug|Any CPU.Build.0 = Debug|Any CPU
		{21539190-B383-4B24-B8A7-4AF3E357E65C}.Release|Any CPU.ActiveCfg = Release|Any CPU
		{21539190-B383-4B24-B8A7-4AF3E357E65C}.Release|Any CPU.Build.0 = Release|Any CPU
	EndGlobalSection
	GlobalSection(SolutionProperties) = preSolution
		HideSolutionNode = FALSE
	EndGlobalSection
	GlobalSection(ExtensibilityGlobals) = postSolution
		SolutionGuid = {97455B8B-FA32-4BD8-855C-7E8444DAF918}
	EndGlobalSection
EndGlobal
